
Microsoft Visual Studio Solution File, Format Version 12.00
# Visual Studio 2013
VisualStudioVersion = 12.0.21005.1
MinimumVisualStudioVersion = 10.0.40219.1
Project("{FAE04EC0-301F-11D3-BF4B-00C04F79EFBC}") = "最大子数组-暴力求解", "最大子数组-暴力求解\最大子数组-暴力求解.csproj", "{9BF687CB-B070-471D-991E-BD53D8A26123}"
EndProject
Project("{FAE04EC0-301F-11D3-BF4B-00C04F79EFBC}") = "最大子数组-分治", "最大子数组-分治\最大子数组-分治.csproj", "{D41D1383-085D-40D3-9AE7-1DD0E45711A6}"
EndProject
Project("{8BC9CEB8-8B4A-11D0-8D11-00A0C91BC942}") = "MaxSumSubArr", "MaxSumSubArr\MaxSumSubArr.vcxproj", "{2FB68BF1-6B28-4E27-A785-55C56A2A56BB}"
EndProject
Project("{FAE04EC0-301F-11D3-BF4B-00C04F79EFBC}") = "二叉树-顺序存储", "二叉树-顺序存储\二叉树-顺序存储.csproj", "{51491622-732C-45E9-8063-2B231D84549A}"
EndProject
Project("{FAE04EC0-301F-11D3-BF4B-00C04F79EFBC}") = "二叉排序树-链式存储", "二叉排序树-链式存储\二叉排序树-链式存储.csproj", "{92CC58DA-9B9A-4391-B542-FBF368FCD475}"
EndProject
Project("{FAE04EC0-301F-11D3-BF4B-00C04F79EFBC}") = "二叉排序树-链式存储_Siki", "二叉排序树-链式存储_Siki\二叉排序树-链式存储_Siki.csproj", "{62B41C15-BFCD-4C58-B070-F2251F598347}"
EndProject
Project("{FAE04EC0-301F-11D3-BF4B-00C04F79EFBC}") = "堆排序-顺序存储", "堆排序-顺序存储\堆排序-顺序存储.csproj", "{9808B606-DC5C-47F2-9503-AEDD649E9E88}"
EndProject
Project("{FAE04EC0-301F-11D3-BF4B-00C04F79EFBC}") = "动态规划-钢条切割_递归实现", "动态规划-钢条切割_递归实现\动态规划-钢条切割_递归实现.csproj", "{7AD03D31-93EF-462A-8B04-F1303ED7BCA7}"
EndProject
Project("{FAE04EC0-301F-11D3-BF4B-00C04F79EFBC}") = "动态规划-钢条切割_带备忘的自顶向下", "动态规划-钢条切割_带备忘的自顶向下\动态规划-钢条切割_带备忘的自顶向下.csproj", "{8E95D01A-9AF4-4915-8C6F-98F8E6278548}"
EndProject
Project("{FAE04EC0-301F-11D3-BF4B-00C04F79EFBC}") = "动态规划-钢条切割_自底向上", "动态规划-钢条切割_自底向上\动态规划-钢条切割_自底向上.csproj", "{278095DE-15C4-472A-AC14-92F431538202}"
EndProject
Project("{FAE04EC0-301F-11D3-BF4B-00C04F79EFBC}") = "动态规划-背包问题_穷举法", "动态规划-背包问题_穷举法\动态规划-背包问题_穷举法.csproj", "{688B871A-3352-4B0E-95D5-EB7F2C116D1D}"
EndProject
Project("{FAE04EC0-301F-11D3-BF4B-00C04F79EFBC}") = "动态规划-背包问题_无备忘递归_自顶向下", "动态规划-背包问题_无备忘递归_自顶向下\动态规划-背包问题_无备忘递归_自顶向下.csproj", "{F9E8B3AC-C044-4508-9D35-75DF6FDE6DCA}"
EndProject
Global
	GlobalSection(SolutionConfigurationPlatforms) = preSolution
		Debug|Any CPU = Debug|Any CPU
		Debug|Mixed Platforms = Debug|Mixed Platforms
		Debug|Win32 = Debug|Win32
		Release|Any CPU = Release|Any CPU
		Release|Mixed Platforms = Release|Mixed Platforms
		Release|Win32 = Release|Win32
	EndGlobalSection
	GlobalSection(ProjectConfigurationPlatforms) = postSolution
		{9BF687CB-B070-471D-991E-BD53D8A26123}.Debug|Any CPU.ActiveCfg = Debug|Any CPU
		{9BF687CB-B070-471D-991E-BD53D8A26123}.Debug|Any CPU.Build.0 = Debug|Any CPU
		{9BF687CB-B070-471D-991E-BD53D8A26123}.Debug|Mixed Platforms.ActiveCfg = Debug|Any CPU
		{9BF687CB-B070-471D-991E-BD53D8A26123}.Debug|Mixed Platforms.Build.0 = Debug|Any CPU
		{9BF687CB-B070-471D-991E-BD53D8A26123}.Debug|Win32.ActiveCfg = Debug|Any CPU
		{9BF687CB-B070-471D-991E-BD53D8A26123}.Release|Any CPU.ActiveCfg = Release|Any CPU
		{9BF687CB-B070-471D-991E-BD53D8A26123}.Release|Any CPU.Build.0 = Release|Any CPU
		{9BF687CB-B070-471D-991E-BD53D8A26123}.Release|Mixed Platforms.ActiveCfg = Release|Any CPU
		{9BF687CB-B070-471D-991E-BD53D8A26123}.Release|Mixed Platforms.Build.0 = Release|Any CPU
		{9BF687CB-B070-471D-991E-BD53D8A26123}.Release|Win32.ActiveCfg = Release|Any CPU
		{D41D1383-085D-40D3-9AE7-1DD0E45711A6}.Debug|Any CPU.ActiveCfg = Debug|Any CPU
		{D41D1383-085D-40D3-9AE7-1DD0E45711A6}.Debug|Any CPU.Build.0 = Debug|Any CPU
		{D41D1383-085D-40D3-9AE7-1DD0E45711A6}.Debug|Mixed Platforms.ActiveCfg = Debug|Any CPU
		{D41D1383-085D-40D3-9AE7-1DD0E45711A6}.Debug|Mixed Platforms.Build.0 = Debug|Any CPU
		{D41D1383-085D-40D3-9AE7-1DD0E45711A6}.Debug|Win32.ActiveCfg = Debug|Any CPU
		{D41D1383-085D-40D3-9AE7-1DD0E45711A6}.Release|Any CPU.ActiveCfg = Release|Any CPU
		{D41D1383-085D-40D3-9AE7-1DD0E45711A6}.Release|Any CPU.Build.0 = Release|Any CPU
		{D41D1383-085D-40D3-9AE7-1DD0E45711A6}.Release|Mixed Platforms.ActiveCfg = Release|Any CPU
		{D41D1383-085D-40D3-9AE7-1DD0E45711A6}.Release|Mixed Platforms.Build.0 = Release|Any CPU
		{D41D1383-085D-40D3-9AE7-1DD0E45711A6}.Release|Win32.ActiveCfg = Release|Any CPU
		{2FB68BF1-6B28-4E27-A785-55C56A2A56BB}.Debug|Any CPU.ActiveCfg = Debug|Win32
		{2FB68BF1-6B28-4E27-A785-55C56A2A56BB}.Debug|Mixed Platforms.ActiveCfg = Debug|Win32
		{2FB68BF1-6B28-4E27-A785-55C56A2A56BB}.Debug|Mixed Platforms.Build.0 = Debug|Win32
		{2FB68BF1-6B28-4E27-A785-55C56A2A56BB}.Debug|Win32.ActiveCfg = Debug|Win32
		{2FB68BF1-6B28-4E27-A785-55C56A2A56BB}.Debug|Win32.Build.0 = Debug|Win32
		{2FB68BF1-6B28-4E27-A785-55C56A2A56BB}.Release|Any CPU.ActiveCfg = Release|Win32
		{2FB68BF1-6B28-4E27-A785-55C56A2A56BB}.Release|Mixed Platforms.ActiveCfg = Release|Win32
		{2FB68BF1-6B28-4E27-A785-55C56A2A56BB}.Release|Mixed Platforms.Build.0 = Release|Win32
		{2FB68BF1-6B28-4E27-A785-55C56A2A56BB}.Release|Win32.ActiveCfg = Release|Win32
		{2FB68BF1-6B28-4E27-A785-55C56A2A56BB}.Release|Win32.Build.0 = Release|Win32
		{51491622-732C-45E9-8063-2B231D84549A}.Debug|Any CPU.ActiveCfg = Debug|Any CPU
		{51491622-732C-45E9-8063-2B231D84549A}.Debug|Any CPU.Build.0 = Debug|Any CPU
		{51491622-732C-45E9-8063-2B231D84549A}.Debug|Mixed Platforms.ActiveCfg = Debug|Any CPU
		{51491622-732C-45E9-8063-2B231D84549A}.Debug|Mixed Platforms.Build.0 = Debug|Any CPU
		{51491622-732C-45E9-8063-2B231D84549A}.Debug|Win32.ActiveCfg = Debug|Any CPU
		{51491622-732C-45E9-8063-2B231D84549A}.Release|Any CPU.ActiveCfg = Release|Any CPU
		{51491622-732C-45E9-8063-2B231D84549A}.Release|Any CPU.Build.0 = Release|Any CPU
		{51491622-732C-45E9-8063-2B231D84549A}.Release|Mixed Platforms.ActiveCfg = Release|Any CPU
		{51491622-732C-45E9-8063-2B231D84549A}.Release|Mixed Platforms.Build.0 = Release|Any CPU
		{51491622-732C-45E9-8063-2B231D84549A}.Release|Win32.ActiveCfg = Release|Any CPU
		{92CC58DA-9B9A-4391-B542-FBF368FCD475}.Debug|Any CPU.ActiveCfg = Debug|Any CPU
		{92CC58DA-9B9A-4391-B542-FBF368FCD475}.Debug|Any CPU.Build.0 = Debug|Any CPU
		{92CC58DA-9B9A-4391-B542-FBF368FCD475}.Debug|Mixed Platforms.ActiveCfg = Debug|Any CPU
		{92CC58DA-9B9A-4391-B542-FBF368FCD475}.Debug|Mixed Platforms.Build.0 = Debug|Any CPU
		{92CC58DA-9B9A-4391-B542-FBF368FCD475}.Debug|Win32.ActiveCfg = Debug|Any CPU
		{92CC58DA-9B9A-4391-B542-FBF368FCD475}.Release|Any CPU.ActiveCfg = Release|Any CPU
		{92CC58DA-9B9A-4391-B542-FBF368FCD475}.Release|Any CPU.Build.0 = Release|Any CPU
		{92CC58DA-9B9A-4391-B542-FBF368FCD475}.Release|Mixed Platforms.ActiveCfg = Release|Any CPU
		{92CC58DA-9B9A-4391-B542-FBF368FCD475}.Release|Mixed Platforms.Build.0 = Release|Any CPU
		{92CC58DA-9B9A-4391-B542-FBF368FCD475}.Release|Win32.ActiveCfg = Release|Any CPU
		{62B41C15-BFCD-4C58-B070-F2251F598347}.Debug|Any CPU.ActiveCfg = Debug|Any CPU
		{62B41C15-BFCD-4C58-B070-F2251F598347}.Debug|Any CPU.Build.0 = Debug|Any CPU
		{62B41C15-BFCD-4C58-B070-F2251F598347}.Debug|Mixed Platforms.ActiveCfg = Debug|Any CPU
		{62B41C15-BFCD-4C58-B070-F2251F598347}.Debug|Mixed Platforms.Build.0 = Debug|Any CPU
		{62B41C15-BFCD-4C58-B070-F2251F598347}.Debug|Win32.ActiveCfg = Debug|Any CPU
		{62B41C15-BFCD-4C58-B070-F2251F598347}.Release|Any CPU.ActiveCfg = Release|Any CPU
		{62B41C15-BFCD-4C58-B070-F2251F598347}.Release|Any CPU.Build.0 = Release|Any CPU
		{62B41C15-BFCD-4C58-B070-F2251F598347}.Release|Mixed Platforms.ActiveCfg = Release|Any CPU
		{62B41C15-BFCD-4C58-B070-F2251F598347}.Release|Mixed Platforms.Build.0 = Release|Any CPU
		{62B41C15-BFCD-4C58-B070-F2251F598347}.Release|Win32.ActiveCfg = Release|Any CPU
		{9808B606-DC5C-47F2-9503-AEDD649E9E88}.Debug|Any CPU.ActiveCfg = Debug|Any CPU
		{9808B606-DC5C-47F2-9503-AEDD649E9E88}.Debug|Any CPU.Build.0 = Debug|Any CPU
		{9808B606-DC5C-47F2-9503-AEDD649E9E88}.Debug|Mixed Platforms.ActiveCfg = Debug|Any CPU
		{9808B606-DC5C-47F2-9503-AEDD649E9E88}.Debug|Mixed Platforms.Build.0 = Debug|Any CPU
		{9808B606-DC5C-47F2-9503-AEDD649E9E88}.Debug|Win32.ActiveCfg = Debug|Any CPU
		{9808B606-DC5C-47F2-9503-AEDD649E9E88}.Release|Any CPU.ActiveCfg = Release|Any CPU
		{9808B606-DC5C-47F2-9503-AEDD649E9E88}.Release|Any CPU.Build.0 = Release|Any CPU
		{9808B606-DC5C-47F2-9503-AEDD649E9E88}.Release|Mixed Platforms.ActiveCfg = Release|Any CPU
		{9808B606-DC5C-47F2-9503-AEDD649E9E88}.Release|Mixed Platforms.Build.0 = Release|Any CPU
		{9808B606-DC5C-47F2-9503-AEDD649E9E88}.Release|Win32.ActiveCfg = Release|Any CPU
		{7AD03D31-93EF-462A-8B04-F1303ED7BCA7}.Debug|Any CPU.ActiveCfg = Debug|Any CPU
		{7AD03D31-93EF-462A-8B04-F1303ED7BCA7}.Debug|Any CPU.Build.0 = Debug|Any CPU
		{7AD03D31-93EF-462A-8B04-F1303ED7BCA7}.Debug|Mixed Platforms.ActiveCfg = Debug|Any CPU
		{7AD03D31-93EF-462A-8B04-F1303ED7BCA7}.Debug|Mixed Platforms.Build.0 = Debug|Any CPU
		{7AD03D31-93EF-462A-8B04-F1303ED7BCA7}.Debug|Win32.ActiveCfg = Debug|Any CPU
		{7AD03D31-93EF-462A-8B04-F1303ED7BCA7}.Release|Any CPU.ActiveCfg = Release|Any CPU
		{7AD03D31-93EF-462A-8B04-F1303ED7BCA7}.Release|Any CPU.Build.0 = Release|Any CPU
		{7AD03D31-93EF-462A-8B04-F1303ED7BCA7}.Release|Mixed Platforms.ActiveCfg = Release|Any CPU
		{7AD03D31-93EF-462A-8B04-F1303ED7BCA7}.Release|Mixed Platforms.Build.0 = Release|Any CPU
		{7AD03D31-93EF-462A-8B04-F1303ED7BCA7}.Release|Win32.ActiveCfg = Release|Any CPU
		{8E95D01A-9AF4-4915-8C6F-98F8E6278548}.Debug|Any CPU.ActiveCfg = Debug|Any CPU
		{8E95D01A-9AF4-4915-8C6F-98F8E6278548}.Debug|Any CPU.Build.0 = Debug|Any CPU
		{8E95D01A-9AF4-4915-8C6F-98F8E6278548}.Debug|Mixed Platforms.ActiveCfg = Debug|Any CPU
		{8E95D01A-9AF4-4915-8C6F-98F8E6278548}.Debug|Mixed Platforms.Build.0 = Debug|Any CPU
		{8E95D01A-9AF4-4915-8C6F-98F8E6278548}.Debug|Win32.ActiveCfg = Debug|Any CPU
		{8E95D01A-9AF4-4915-8C6F-98F8E6278548}.Release|Any CPU.ActiveCfg = Release|Any CPU
		{8E95D01A-9AF4-4915-8C6F-98F8E6278548}.Release|Any CPU.Build.0 = Release|Any CPU
		{8E95D01A-9AF4-4915-8C6F-98F8E6278548}.Release|Mixed Platforms.ActiveCfg = Release|Any CPU
		{8E95D01A-9AF4-4915-8C6F-98F8E6278548}.Release|Mixed Platforms.Build.0 = Release|Any CPU
		{8E95D01A-9AF4-4915-8C6F-98F8E6278548}.Release|Win32.ActiveCfg = Release|Any CPU
		{278095DE-15C4-472A-AC14-92F431538202}.Debug|Any CPU.ActiveCfg = Debug|Any CPU
		{278095DE-15C4-472A-AC14-92F431538202}.Debug|Any CPU.Build.0 = Debug|Any CPU
		{278095DE-15C4-472A-AC14-92F431538202}.Debug|Mixed Platforms.ActiveCfg = Debug|Any CPU
		{278095DE-15C4-472A-AC14-92F431538202}.Debug|Mixed Platforms.Build.0 = Debug|Any CPU
		{278095DE-15C4-472A-AC14-92F431538202}.Debug|Win32.ActiveCfg = Debug|Any CPU
		{278095DE-15C4-472A-AC14-92F431538202}.Release|Any CPU.ActiveCfg = Release|Any CPU
		{278095DE-15C4-472A-AC14-92F431538202}.Release|Any CPU.Build.0 = Release|Any CPU
		{278095DE-15C4-472A-AC14-92F431538202}.Release|Mixed Platforms.ActiveCfg = Release|Any CPU
		{278095DE-15C4-472A-AC14-92F431538202}.Release|Mixed Platforms.Build.0 = Release|Any CPU
		{278095DE-15C4-472A-AC14-92F431538202}.Release|Win32.ActiveCfg = Release|Any CPU
		{688B871A-3352-4B0E-95D5-EB7F2C116D1D}.Debug|Any CPU.ActiveCfg = Debug|Any CPU
		{688B871A-3352-4B0E-95D5-EB7F2C116D1D}.Debug|Any CPU.Build.0 = Debug|Any CPU
		{688B871A-3352-4B0E-95D5-EB7F2C116D1D}.Debug|Mixed Platforms.ActiveCfg = Debug|Any CPU
		{688B871A-3352-4B0E-95D5-EB7F2C116D1D}.Debug|Mixed Platforms.Build.0 = Debug|Any CPU
		{688B871A-3352-4B0E-95D5-EB7F2C116D1D}.Debug|Win32.ActiveCfg = Debug|Any CPU
		{688B871A-3352-4B0E-95D5-EB7F2C116D1D}.Release|Any CPU.ActiveCfg = Release|Any CPU
		{688B871A-3352-4B0E-95D5-EB7F2C116D1D}.Release|Any CPU.Build.0 = Release|Any CPU
		{688B871A-3352-4B0E-95D5-EB7F2C116D1D}.Release|Mixed Platforms.ActiveCfg = Release|Any CPU
		{688B871A-3352-4B0E-95D5-EB7F2C116D1D}.Release|Mixed Platforms.Build.0 = Release|Any CPU
		{688B871A-3352-4B0E-95D5-EB7F2C116D1D}.Release|Win32.ActiveCfg = Release|Any CPU
		{F9E8B3AC-C044-4508-9D35-75DF6FDE6DCA}.Debug|Any CPU.ActiveCfg = Debug|Any CPU
		{F9E8B3AC-C044-4508-9D35-75DF6FDE6DCA}.Debug|Any CPU.Build.0 = Debug|Any CPU
		{F9E8B3AC-C044-4508-9D35-75DF6FDE6DCA}.Debug|Mixed Platforms.ActiveCfg = Debug|Any CPU
		{F9E8B3AC-C044-4508-9D35-75DF6FDE6DCA}.Debug|Mixed Platforms.Build.0 = Debug|Any CPU
		{F9E8B3AC-C044-4508-9D35-75DF6FDE6DCA}.Debug|Win32.ActiveCfg = Debug|Any CPU
		{F9E8B3AC-C044-4508-9D35-75DF6FDE6DCA}.Release|Any CPU.ActiveCfg = Release|Any CPU
		{F9E8B3AC-C044-4508-9D35-75DF6FDE6DCA}.Release|Any CPU.Build.0 = Release|Any CPU
		{F9E8B3AC-C044-4508-9D35-75DF6FDE6DCA}.Release|Mixed Platforms.ActiveCfg = Release|Any CPU
		{F9E8B3AC-C044-4508-9D35-75DF6FDE6DCA}.Release|Mixed Platforms.Build.0 = Release|Any CPU
		{F9E8B3AC-C044-4508-9D35-75DF6FDE6DCA}.Release|Win32.ActiveCfg = Release|Any CPU
	EndGlobalSection
	GlobalSection(SolutionProperties) = preSolution
		HideSolutionNode = FALSE
	EndGlobalSection
EndGlobal
